{
  "nodes": {
    "fenix": {
      "inputs": {
        "nixpkgs": [
          "nixpkgs"
        ],
        "rust-analyzer-src": "rust-analyzer-src"
      },
      "locked": {
        "lastModified": 1688624761,
        "narHash": "sha256-VMvhdWPCLUFhyssTSZXCxFkA9bZ05VgXZVsuYlJcZBg=",
        "owner": "nix-community",
        "repo": "fenix",
        "rev": "a2ea120926a1234ec804c090f90312e0ec2d4541",
        "type": "github"
      },
      "original": {
        "owner": "nix-community",
        "repo": "fenix",
        "type": "github"
      }
    },
    "nixpkgs": {
      "locked": {
        "lastModified": 1688655774,
        "narHash": "sha256-WlfNnp+eZkd2VhunU4xLm0gUM3qClDubmcce2TdHWEQ=",
        "owner": "NixOS",
        "repo": "nixpkgs",
        "rev": "99818b5301c8247aba0d0f38c8d645adf2b9d10d",
        "type": "github"
      },
      "original": {
        "owner": "NixOS",
        "repo": "nixpkgs",
        "type": "github"
      }
    },
    "root": {
      "inputs": {
        "fenix": "fenix",
        "nixpkgs": "nixpkgs"
      }
    },
    "rust-analyzer-src": {
      "flake": false,
      "locked": {
        "lastModified": 1688576197,
        "narHash": "sha256-flxGk5OXBfXqlS/ZWNyT23slfPjTCkza3CV/EIfvdSU=",
        "owner": "rust-lang",
        "repo": "rust-analyzer",
        "rev": "aa91eda9028758839487ad0f0eb120944a549ff3",
        "type": "github"
      },
      "original": {
        "owner": "rust-lang",
        "ref": "nightly",
        "repo": "rust-analyzer",
        "type": "github"
      }
    }
  },
  "root": "root",
  "version": 7
}
