{
  "nodes": {
    "fenix": {
      "inputs": {
        "nixpkgs": [
          "nixpkgs"
        ],
        "rust-analyzer-src": "rust-analyzer-src"
      },
      "locked": {
        "lastModified": 1643869431,
        "narHash": "sha256-M+khM8s4Kz70q1jCpNX+Cx/YH6cZnn32yCW4udZMCVk=",
        "owner": "nix-community",
        "repo": "fenix",
        "rev": "2d64d0c1941b2b82d938e82790ea0e692889c23b",
        "type": "github"
      },
      "original": {
        "owner": "nix-community",
        "repo": "fenix",
        "type": "github"
      }
    },
    "nixpkgs": {
      "locked": {
        "lastModified": 1644016246,
        "narHash": "sha256-4I1B0WBCd75YcU+31gfVXzf5vhv00zGcoVqgP77U4Tc=",
        "owner": "NixOS",
        "repo": "nixpkgs",
        "rev": "6994e8ae17182ff71127a053fc71c6fa21352bc1",
        "type": "github"
      },
      "original": {
        "owner": "NixOS",
        "repo": "nixpkgs",
        "type": "github"
      }
    },
    "root": {
      "inputs": {
        "fenix": "fenix",
        "nixpkgs": "nixpkgs"
      }
    },
    "rust-analyzer-src": {
      "flake": false,
      "locked": {
        "lastModified": 1643802160,
        "narHash": "sha256-m3V0VU1M8k0NBYoLaQZFVZaejtfWn2kLLXxZNnHuujk=",
        "owner": "rust-analyzer",
        "repo": "rust-analyzer",
        "rev": "9cb6e3a190f7781cb7e243837b47e6889d204d52",
        "type": "github"
      },
      "original": {
        "owner": "rust-analyzer",
        "ref": "nightly",
        "repo": "rust-analyzer",
        "type": "github"
      }
    }
  },
  "root": "root",
  "version": 7
}
